{
  "name": "practice-animation",
  "version": "1.0.0",
  "lockfileVersion": 1,
  "requires": true,
  "dependencies": {
    "simplenoise": {
      "version": "1.0.1",
      "resolved": "https://registry.npmjs.org/simplenoise/-/simplenoise-1.0.1.tgz",
      "integrity": "sha512-bp7TSZHul102cqizfOkwsk9vzXXbtar7auI2q93cy2h/rhuzGHr7TPXx9cA54nEub7fj1ZCOjaakr3bjNNsdhA=="
    }
  }
}
